
Microsoft Visual Studio Solution File, Format Version 12.00
# Visual Studio 15
VisualStudioVersion = 15.0.28010.2016
MinimumVisualStudioVersion = 10.0.40219.1
Project("{8BC9CEB8-8B4A-11D0-8D11-00A0C91BC942}") = "Particle Filter", "Particle Filter.vcxproj", "{F7A4F8CE-22E5-4A71-98F9-FC1C5639C359}"
EndProject
Global
	GlobalSection(SolutionConfigurationPlatforms) = preSolution
		Debug|x64 = Debug|x64
		Debug|x86 = Debug|x86
		Release|x64 = Release|x64
		Release|x86 = Release|x86
	EndGlobalSection
	GlobalSection(ProjectConfigurationPlatforms) = postSolution
		{F7A4F8CE-22E5-4A71-98F9-FC1C5639C359}.Debug|x64.ActiveCfg = Debug|x64
		{F7A4F8CE-22E5-4A71-98F9-FC1C5639C359}.Debug|x64.Build.0 = Debug|x64
		{F7A4F8CE-22E5-4A71-98F9-FC1C5639C359}.Debug|x86.ActiveCfg = Debug|Win32
		{F7A4F8CE-22E5-4A71-98F9-FC1C5639C359}.Debug|x86.Build.0 = Debug|Win32
		{F7A4F8CE-22E5-4A71-98F9-FC1C5639C359}.Release|x64.ActiveCfg = Release|x64
		{F7A4F8CE-22E5-4A71-98F9-FC1C5639C359}.Release|x64.Build.0 = Release|x64
		{F7A4F8CE-22E5-4A71-98F9-FC1C5639C359}.Release|x86.ActiveCfg = Release|Win32
		{F7A4F8CE-22E5-4A71-98F9-FC1C5639C359}.Release|x86.Build.0 = Release|Win32
	EndGlobalSection
	GlobalSection(SolutionProperties) = preSolution
		HideSolutionNode = FALSE
	EndGlobalSection
	GlobalSection(ExtensibilityGlobals) = postSolution
		SolutionGuid = {5301D837-A6F1-4A64-B102-D1A9DDA6DCD3}
	EndGlobalSection
EndGlobal
